// !$*UTF8*$!
{
	archiveVersion = 1;
	classes = {
	};
	objectVersion = 51;
	objects = {

/* Begin PBXBuildFile section */
		5826C76C5FB96CB7B2EB7A6A /* Pods_VirtualTourist.framework in Frameworks */ = {isa = PBXBuildFile; fileRef = 78B1682014C07CEDBA078412 /* Pods_VirtualTourist.framework */; };
		FC10B81F24E2DFC000BCE107 /* DataController.swift in Sources */ = {isa = PBXBuildFile; fileRef = FC10B81E24E2DFC000BCE107 /* DataController.swift */; };
		FC10B82124E455BE00BCE107 /* apiConstants.swift in Sources */ = {isa = PBXBuildFile; fileRef = FC10B82024E455BE00BCE107 /* apiConstants.swift */; };
		FC10B82324E4607300BCE107 /* photosResponse.swift in Sources */ = {isa = PBXBuildFile; fileRef = FC10B82224E4607300BCE107 /* photosResponse.swift */; };
		FC10B82924EEB4A400BCE107 /* PhotoAlbumViewController+extension.swift in Sources */ = {isa = PBXBuildFile; fileRef = FC10B82824EEB4A400BCE107 /* PhotoAlbumViewController+extension.swift */; };
		FC10B82B24EEB5BE00BCE107 /* TravelLocationMapViewController+extention.swift in Sources */ = {isa = PBXBuildFile; fileRef = FC10B82A24EEB5BE00BCE107 /* TravelLocationMapViewController+extention.swift */; };
		FC10B83624FB9F8A00BCE107 /* AlertMessage.swift in Sources */ = {isa = PBXBuildFile; fileRef = FC10B83524FB9F8A00BCE107 /* AlertMessage.swift */; };
		FC9EAECD24C97E0300F18464 /* AppDelegate.swift in Sources */ = {isa = PBXBuildFile; fileRef = FC9EAECC24C97E0300F18464 /* AppDelegate.swift */; };
		FC9EAECF24C97E0300F18464 /* SceneDelegate.swift in Sources */ = {isa = PBXBuildFile; fileRef = FC9EAECE24C97E0300F18464 /* SceneDelegate.swift */; };
		FC9EAED124C97E0300F18464 /* TravelLocationMapViewController.swift in Sources */ = {isa = PBXBuildFile; fileRef = FC9EAED024C97E0300F18464 /* TravelLocationMapViewController.swift */; };
		FC9EAED424C97E0300F18464 /* Main.storyboard in Resources */ = {isa = PBXBuildFile; fileRef = FC9EAED224C97E0300F18464 /* Main.storyboard */; };
		FC9EAED724C97E0300F18464 /* VirtualTourist.xcdatamodeld in Sources */ = {isa = PBXBuildFile; fileRef = FC9EAED524C97E0300F18464 /* VirtualTourist.xcdatamodeld */; };
		FC9EAED924C97E0400F18464 /* Assets.xcassets in Resources */ = {isa = PBXBuildFile; fileRef = FC9EAED824C97E0400F18464 /* Assets.xcassets */; };
		FC9EAEDC24C97E0400F18464 /* LaunchScreen.storyboard in Resources */ = {isa = PBXBuildFile; fileRef = FC9EAEDA24C97E0400F18464 /* LaunchScreen.storyboard */; };
		FC9EAEE824C97FB800F18464 /* PhotoAlbumViewController.swift in Sources */ = {isa = PBXBuildFile; fileRef = FC9EAEE724C97FB800F18464 /* PhotoAlbumViewController.swift */; };
		FC9EAEEB24C981A900F18464 /* PhotoAlbumCollectionViewCell.swift in Sources */ = {isa = PBXBuildFile; fileRef = FC9EAEEA24C981A900F18464 /* PhotoAlbumCollectionViewCell.swift */; };
		FC9EAEEE24C9B8F400F18464 /* ImageRetrieval.swift in Sources */ = {isa = PBXBuildFile; fileRef = FC9EAEED24C9B8F400F18464 /* ImageRetrieval.swift */; };
/* End PBXBuildFile section */

/* Begin PBXFileReference section */
		78B1682014C07CEDBA078412 /* Pods_VirtualTourist.framework */ = {isa = PBXFileReference; explicitFileType = wrapper.framework; includeInIndex = 0; path = Pods_VirtualTourist.framework; sourceTree = BUILT_PRODUCTS_DIR; };
		DBE3B9D364CA7C7509BC92A8 /* Pods-VirtualTourist.release.xcconfig */ = {isa = PBXFileReference; includeInIndex = 1; lastKnownFileType = text.xcconfig; name = "Pods-VirtualTourist.release.xcconfig"; path = "Target Support Files/Pods-VirtualTourist/Pods-VirtualTourist.release.xcconfig"; sourceTree = "<group>"; };
		F7B6A890CDF955628D807E34 /* Pods-VirtualTourist.debug.xcconfig */ = {isa = PBXFileReference; includeInIndex = 1; lastKnownFileType = text.xcconfig; name = "Pods-VirtualTourist.debug.xcconfig"; path = "Target Support Files/Pods-VirtualTourist/Pods-VirtualTourist.debug.xcconfig"; sourceTree = "<group>"; };
		FC10B81E24E2DFC000BCE107 /* DataController.swift */ = {isa = PBXFileReference; lastKnownFileType = sourcecode.swift; path = DataController.swift; sourceTree = "<group>"; };
		FC10B82024E455BE00BCE107 /* apiConstants.swift */ = {isa = PBXFileReference; lastKnownFileType = sourcecode.swift; path = apiConstants.swift; sourceTree = "<group>"; };
		FC10B82224E4607300BCE107 /* photosResponse.swift */ = {isa = PBXFileReference; lastKnownFileType = sourcecode.swift; path = photosResponse.swift; sourceTree = "<group>"; };
		FC10B82824EEB4A400BCE107 /* PhotoAlbumViewController+extension.swift */ = {isa = PBXFileReference; lastKnownFileType = sourcecode.swift; path = "PhotoAlbumViewController+extension.swift"; sourceTree = "<group>"; };
		FC10B82A24EEB5BE00BCE107 /* TravelLocationMapViewController+extention.swift */ = {isa = PBXFileReference; lastKnownFileType = sourcecode.swift; path = "TravelLocationMapViewController+extention.swift"; sourceTree = "<group>"; };
		FC10B83524FB9F8A00BCE107 /* AlertMessage.swift */ = {isa = PBXFileReference; lastKnownFileType = sourcecode.swift; path = AlertMessage.swift; sourceTree = "<group>"; };
		FC9EAEC924C97E0300F18464 /* VirtualTourist.app */ = {isa = PBXFileReference; explicitFileType = wrapper.application; includeInIndex = 0; path = VirtualTourist.app; sourceTree = BUILT_PRODUCTS_DIR; };
		FC9EAECC24C97E0300F18464 /* AppDelegate.swift */ = {isa = PBXFileReference; lastKnownFileType = sourcecode.swift; path = AppDelegate.swift; sourceTree = "<group>"; };
		FC9EAECE24C97E0300F18464 /* SceneDelegate.swift */ = {isa = PBXFileReference; lastKnownFileType = sourcecode.swift; path = SceneDelegate.swift; sourceTree = "<group>"; };
		FC9EAED024C97E0300F18464 /* TravelLocationMapViewController.swift */ = {isa = PBXFileReference; lastKnownFileType = sourcecode.swift; path = TravelLocationMapViewController.swift; sourceTree = "<group>"; };
		FC9EAED324C97E0300F18464 /* Base */ = {isa = PBXFileReference; lastKnownFileType = file.storyboard; name = Base; path = Base.lproj/Main.storyboard; sourceTree = "<group>"; };
		FC9EAED624C97E0300F18464 /* VirtualTourist.xcdatamodel */ = {isa = PBXFileReference; lastKnownFileType = wrapper.xcdatamodel; path = VirtualTourist.xcdatamodel; sourceTree = "<group>"; };
		FC9EAED824C97E0400F18464 /* Assets.xcassets */ = {isa = PBXFileReference; lastKnownFileType = folder.assetcatalog; path = Assets.xcassets; sourceTree = "<group>"; };
		FC9EAEDB24C97E0400F18464 /* Base */ = {isa = PBXFileReference; lastKnownFileType = file.storyboard; name = Base; path = Base.lproj/LaunchScreen.storyboard; sourceTree = "<group>"; };
		FC9EAEDD24C97E0400F18464 /* Info.plist */ = {isa = PBXFileReference; lastKnownFileType = text.plist.xml; path = Info.plist; sourceTree = "<group>"; };
		FC9EAEE724C97FB800F18464 /* PhotoAlbumViewController.swift */ = {isa = PBXFileReference; lastKnownFileType = sourcecode.swift; path = PhotoAlbumViewController.swift; sourceTree = "<group>"; };
		FC9EAEEA24C981A900F18464 /* PhotoAlbumCollectionViewCell.swift */ = {isa = PBXFileReference; lastKnownFileType = sourcecode.swift; path = PhotoAlbumCollectionViewCell.swift; sourceTree = "<group>"; };
		FC9EAEED24C9B8F400F18464 /* ImageRetrieval.swift */ = {isa = PBXFileReference; lastKnownFileType = sourcecode.swift; path = ImageRetrieval.swift; sourceTree = "<group>"; };
/* End PBXFileReference section */

/* Begin PBXFrameworksBuildPhase section */
		FC9EAEC624C97E0300F18464 /* Frameworks */ = {
			isa = PBXFrameworksBuildPhase;
			buildActionMask = 2147483647;
			files = (
				5826C76C5FB96CB7B2EB7A6A /* Pods_VirtualTourist.framework in Frameworks */,
			);
			runOnlyForDeploymentPostprocessing = 0;
		};
/* End PBXFrameworksBuildPhase section */

/* Begin PBXGroup section */
		2BA3929AE2B4DBB5F4923531 /* Pods */ = {
			isa = PBXGroup;
			children = (
				F7B6A890CDF955628D807E34 /* Pods-VirtualTourist.debug.xcconfig */,
				DBE3B9D364CA7C7509BC92A8 /* Pods-VirtualTourist.release.xcconfig */,
			);
			path = Pods;
			sourceTree = "<group>";
		};
		8AC0FEBD2014485331EAD518 /* Frameworks */ = {
			isa = PBXGroup;
			children = (
				78B1682014C07CEDBA078412 /* Pods_VirtualTourist.framework */,
			);
			name = Frameworks;
			sourceTree = "<group>";
		};
		FC10B81B24E2DF6F00BCE107 /* Model */ = {
			isa = PBXGroup;
			children = (
				FC10B81D24E2DFA900BCE107 /* API */,
				FC10B81C24E2DF8A00BCE107 /* Core Data */,
			);
			path = Model;
			sourceTree = "<group>";
		};
		FC10B81C24E2DF8A00BCE107 /* Core Data */ = {
			isa = PBXGroup;
			children = (
				FC9EAED524C97E0300F18464 /* VirtualTourist.xcdatamodeld */,
				FC10B81E24E2DFC000BCE107 /* DataController.swift */,
			);
			path = "Core Data";
			sourceTree = "<group>";
		};
		FC10B81D24E2DFA900BCE107 /* API */ = {
			isa = PBXGroup;
			children = (
				FC9EAEED24C9B8F400F18464 /* ImageRetrieval.swift */,
				FC10B82024E455BE00BCE107 /* apiConstants.swift */,
				FC10B82224E4607300BCE107 /* photosResponse.swift */,
				FC10B83524FB9F8A00BCE107 /* AlertMessage.swift */,
			);
			path = API;
			sourceTree = "<group>";
		};
		FC10B82624EEB45400BCE107 /* Travel Location Map */ = {
			isa = PBXGroup;
			children = (
				FC9EAED024C97E0300F18464 /* TravelLocationMapViewController.swift */,
				FC10B82A24EEB5BE00BCE107 /* TravelLocationMapViewController+extention.swift */,
			);
			path = "Travel Location Map";
			sourceTree = "<group>";
		};
		FC10B82724EEB47400BCE107 /* Photo Album */ = {
			isa = PBXGroup;
			children = (
				FC9EAEE724C97FB800F18464 /* PhotoAlbumViewController.swift */,
				FC10B82824EEB4A400BCE107 /* PhotoAlbumViewController+extension.swift */,
			);
			path = "Photo Album";
			sourceTree = "<group>";
		};
		FC10B837250262AC00BCE107 /* Screenshots */ = {
			isa = PBXGroup;
			children = (
			);
			path = Screenshots;
			sourceTree = "<group>";
		};
		FC9EAEC024C97E0300F18464 = {
			isa = PBXGroup;
			children = (
				FC9EAECB24C97E0300F18464 /* VirtualTourist */,
				FC9EAECA24C97E0300F18464 /* Products */,
				2BA3929AE2B4DBB5F4923531 /* Pods */,
				8AC0FEBD2014485331EAD518 /* Frameworks */,
			);
			sourceTree = "<group>";
		};
		FC9EAECA24C97E0300F18464 /* Products */ = {
			isa = PBXGroup;
			children = (
				FC9EAEC924C97E0300F18464 /* VirtualTourist.app */,
			);
			name = Products;
			sourceTree = "<group>";
		};
		FC9EAECB24C97E0300F18464 /* VirtualTourist */ = {
			isa = PBXGroup;
			children = (
				FC10B81B24E2DF6F00BCE107 /* Model */,
				FC9EAEE924C9818F00F18464 /* View */,
				FC9EAEE324C97E1700F18464 /* Controller */,
				FC9EAEE424C97E2500F18464 /* Assests */,
				FC9EAEDD24C97E0400F18464 /* Info.plist */,
			);
			path = VirtualTourist;
			sourceTree = "<group>";
		};
		FC9EAEE324C97E1700F18464 /* Controller */ = {
			isa = PBXGroup;
			children = (
				FC9EAECC24C97E0300F18464 /* AppDelegate.swift */,
				FC9EAECE24C97E0300F18464 /* SceneDelegate.swift */,
				FC10B82624EEB45400BCE107 /* Travel Location Map */,
				FC10B82724EEB47400BCE107 /* Photo Album */,
			);
			path = Controller;
			sourceTree = "<group>";
		};
		FC9EAEE424C97E2500F18464 /* Assests */ = {
			isa = PBXGroup;
			children = (
				FC9EAED224C97E0300F18464 /* Main.storyboard */,
				FC9EAED824C97E0400F18464 /* Assets.xcassets */,
				FC9EAEDA24C97E0400F18464 /* LaunchScreen.storyboard */,
				FC10B837250262AC00BCE107 /* Screenshots */,
			);
			path = Assests;
			sourceTree = "<group>";
		};
		FC9EAEE924C9818F00F18464 /* View */ = {
			isa = PBXGroup;
			children = (
				FC9EAEEA24C981A900F18464 /* PhotoAlbumCollectionViewCell.swift */,
			);
			path = View;
			sourceTree = "<group>";
		};
/* End PBXGroup section */

/* Begin PBXNativeTarget section */
		FC9EAEC824C97E0300F18464 /* VirtualTourist */ = {
			isa = PBXNativeTarget;
			buildConfigurationList = FC9EAEE024C97E0400F18464 /* Build configuration list for PBXNativeTarget "VirtualTourist" */;
			buildPhases = (
				0CAE5785702C70738973586D /* [CP] Check Pods Manifest.lock */,
				FC9EAEC524C97E0300F18464 /* Sources */,
				FC9EAEC624C97E0300F18464 /* Frameworks */,
				FC9EAEC724C97E0300F18464 /* Resources */,
				A1D0C07656FBBA6BA18C8F42 /* [CP] Embed Pods Frameworks */,
			);
			buildRules = (
			);
			dependencies = (
			);
			name = VirtualTourist;
			productName = VirtualTourist;
			productReference = FC9EAEC924C97E0300F18464 /* VirtualTourist.app */;
			productType = "com.apple.product-type.application";
		};
/* End PBXNativeTarget section */

/* Begin PBXProject section */
		FC9EAEC124C97E0300F18464 /* Project object */ = {
			isa = PBXProject;
			attributes = {
				LastSwiftUpdateCheck = 1140;
				LastUpgradeCheck = 1140;
				ORGANIZATIONNAME = "Sarah Al-Matawah";
				TargetAttributes = {
					FC9EAEC824C97E0300F18464 = {
						CreatedOnToolsVersion = 11.4;
					};
				};
			};
			buildConfigurationList = FC9EAEC424C97E0300F18464 /* Build configuration list for PBXProject "VirtualTourist" */;
			compatibilityVersion = "Xcode 9.3";
			developmentRegion = en;
			hasScannedForEncodings = 0;
			knownRegions = (
				en,
				Base,
			);
			mainGroup = FC9EAEC024C97E0300F18464;
			productRefGroup = FC9EAECA24C97E0300F18464 /* Products */;
			projectDirPath = "";
			projectRoot = "";
			targets = (
				FC9EAEC824C97E0300F18464 /* VirtualTourist */,
			);
		};
/* End PBXProject section */

/* Begin PBXResourcesBuildPhase section */
		FC9EAEC724C97E0300F18464 /* Resources */ = {
			isa = PBXResourcesBuildPhase;
			buildActionMask = 2147483647;
			files = (
				FC9EAEDC24C97E0400F18464 /* LaunchScreen.storyboard in Resources */,
				FC9EAED924C97E0400F18464 /* Assets.xcassets in Resources */,
				FC9EAED424C97E0300F18464 /* Main.storyboard in Resources */,
			);
			runOnlyForDeploymentPostprocessing = 0;
		};
/* End PBXResourcesBuildPhase section */

/* Begin PBXShellScriptBuildPhase section */
		0CAE5785702C70738973586D /* [CP] Check Pods Manifest.lock */ = {
			isa = PBXShellScriptBuildPhase;
			buildActionMask = 2147483647;
			files = (
			);
			inputFileListPaths = (
			);
			inputPaths = (
				"${PODS_PODFILE_DIR_PATH}/Podfile.lock",
				"${PODS_ROOT}/Manifest.lock",
			);
			name = "[CP] Check Pods Manifest.lock";
			outputFileListPaths = (
			);
			outputPaths = (
				"$(DERIVED_FILE_DIR)/Pods-VirtualTourist-checkManifestLockResult.txt",
			);
			runOnlyForDeploymentPostprocessing = 0;
			shellPath = /bin/sh;
			shellScript = "diff \"${PODS_PODFILE_DIR_PATH}/Podfile.lock\" \"${PODS_ROOT}/Manifest.lock\" > /dev/null\nif [ $? != 0 ] ; then\n    # print error to STDERR\n    echo \"error: The sandbox is not in sync with the Podfile.lock. Run 'pod install' or update your CocoaPods installation.\" >&2\n    exit 1\nfi\n# This output is used by Xcode 'outputs' to avoid re-running this script phase.\necho \"SUCCESS\" > \"${SCRIPT_OUTPUT_FILE_0}\"\n";
			showEnvVarsInLog = 0;
		};
		A1D0C07656FBBA6BA18C8F42 /* [CP] Embed Pods Frameworks */ = {
			isa = PBXShellScriptBuildPhase;
			buildActionMask = 2147483647;
			files = (
			);
			inputFileListPaths = (
				"${PODS_ROOT}/Target Support Files/Pods-VirtualTourist/Pods-VirtualTourist-frameworks-${CONFIGURATION}-input-files.xcfilelist",
			);
			name = "[CP] Embed Pods Frameworks";
			outputFileListPaths = (
				"${PODS_ROOT}/Target Support Files/Pods-VirtualTourist/Pods-VirtualTourist-frameworks-${CONFIGURATION}-output-files.xcfilelist",
			);
			runOnlyForDeploymentPostprocessing = 0;
			shellPath = /bin/sh;
			shellScript = "\"${PODS_ROOT}/Target Support Files/Pods-VirtualTourist/Pods-VirtualTourist-frameworks.sh\"\n";
			showEnvVarsInLog = 0;
		};
/* End PBXShellScriptBuildPhase section */

/* Begin PBXSourcesBuildPhase section */
		FC9EAEC524C97E0300F18464 /* Sources */ = {
			isa = PBXSourcesBuildPhase;
			buildActionMask = 2147483647;
			files = (
				FC9EAED724C97E0300F18464 /* VirtualTourist.xcdatamodeld in Sources */,
				FC9EAED124C97E0300F18464 /* TravelLocationMapViewController.swift in Sources */,
				FC10B82124E455BE00BCE107 /* apiConstants.swift in Sources */,
				FC9EAEEE24C9B8F400F18464 /* ImageRetrieval.swift in Sources */,
				FC10B82924EEB4A400BCE107 /* PhotoAlbumViewController+extension.swift in Sources */,
				FC9EAECD24C97E0300F18464 /* AppDelegate.swift in Sources */,
				FC10B83624FB9F8A00BCE107 /* AlertMessage.swift in Sources */,
				FC9EAEE824C97FB800F18464 /* PhotoAlbumViewController.swift in Sources */,
				FC10B81F24E2DFC000BCE107 /* DataController.swift in Sources */,
				FC9EAECF24C97E0300F18464 /* SceneDelegate.swift in Sources */,
				FC9EAEEB24C981A900F18464 /* PhotoAlbumCollectionViewCell.swift in Sources */,
				FC10B82324E4607300BCE107 /* photosResponse.swift in Sources */,
				FC10B82B24EEB5BE00BCE107 /* TravelLocationMapViewController+extention.swift in Sources */,
			);
			runOnlyForDeploymentPostprocessing = 0;
		};
/* End PBXSourcesBuildPhase section */

/* Begin PBXVariantGroup section */
		FC9EAED224C97E0300F18464 /* Main.storyboard */ = {
			isa = PBXVariantGroup;
			children = (
				FC9EAED324C97E0300F18464 /* Base */,
			);
			name = Main.storyboard;
			sourceTree = "<group>";
		};
		FC9EAEDA24C97E0400F18464 /* LaunchScreen.storyboard */ = {
			isa = PBXVariantGroup;
			children = (
				FC9EAEDB24C97E0400F18464 /* Base */,
			);
			name = LaunchScreen.storyboard;
			sourceTree = "<group>";
		};
/* End PBXVariantGroup section */

/* Begin XCBuildConfiguration section */
		FC9EAEDE24C97E0400F18464 /* Debug */ = {
			isa = XCBuildConfiguration;
			buildSettings = {
				ALWAYS_SEARCH_USER_PATHS = NO;
				CLANG_ANALYZER_NONNULL = YES;
				CLANG_ANALYZER_NUMBER_OBJECT_CONVERSION = YES_AGGRESSIVE;
				CLANG_CXX_LANGUAGE_STANDARD = "gnu++14";
				CLANG_CXX_LIBRARY = "libc++";
				CLANG_ENABLE_MODULES = YES;
				CLANG_ENABLE_OBJC_ARC = YES;
				CLANG_ENABLE_OBJC_WEAK = YES;
				CLANG_WARN_BLOCK_CAPTURE_AUTORELEASING = YES;
				CLANG_WARN_BOOL_CONVERSION = YES;
				CLANG_WARN_COMMA = YES;
				CLANG_WARN_CONSTANT_CONVERSION = YES;
				CLANG_WARN_DEPRECATED_OBJC_IMPLEMENTATIONS = YES;
				CLANG_WARN_DIRECT_OBJC_ISA_USAGE = YES_ERROR;
				CLANG_WARN_DOCUMENTATION_COMMENTS = YES;
				CLANG_WARN_EMPTY_BODY = YES;
				CLANG_WARN_ENUM_CONVERSION = YES;
				CLANG_WARN_INFINITE_RECURSION = YES;
				CLANG_WARN_INT_CONVERSION = YES;
				CLANG_WARN_NON_LITERAL_NULL_CONVERSION = YES;
				CLANG_WARN_OBJC_IMPLICIT_RETAIN_SELF = YES;
				CLANG_WARN_OBJC_LITERAL_CONVERSION = YES;
				CLANG_WARN_OBJC_ROOT_CLASS = YES_ERROR;
				CLANG_WARN_RANGE_LOOP_ANALYSIS = YES;
				CLANG_WARN_STRICT_PROTOTYPES = YES;
				CLANG_WARN_SUSPICIOUS_MOVE = YES;
				CLANG_WARN_UNGUARDED_AVAILABILITY = YES_AGGRESSIVE;
				CLANG_WARN_UNREACHABLE_CODE = YES;
				CLANG_WARN__DUPLICATE_METHOD_MATCH = YES;
				COPY_PHASE_STRIP = NO;
				DEBUG_INFORMATION_FORMAT = dwarf;
				ENABLE_STRICT_OBJC_MSGSEND = YES;
				ENABLE_TESTABILITY = YES;
				GCC_C_LANGUAGE_STANDARD = gnu11;
				GCC_DYNAMIC_NO_PIC = NO;
				GCC_NO_COMMON_BLOCKS = YES;
				GCC_OPTIMIZATION_LEVEL = 0;
				GCC_PREPROCESSOR_DEFINITIONS = (
					"DEBUG=1",
					"$(inherited)",
				);
				GCC_WARN_64_TO_32_BIT_CONVERSION = YES;
				GCC_WARN_ABOUT_RETURN_TYPE = YES_ERROR;
				GCC_WARN_UNDECLARED_SELECTOR = YES;
				GCC_WARN_UNINITIALIZED_AUTOS = YES_AGGRESSIVE;
				GCC_WARN_UNUSED_FUNCTION = YES;
				GCC_WARN_UNUSED_VARIABLE = YES;
				IPHONEOS_DEPLOYMENT_TARGET = 13.4;
				MTL_ENABLE_DEBUG_INFO = INCLUDE_SOURCE;
				MTL_FAST_MATH = YES;
				ONLY_ACTIVE_ARCH = YES;
				SDKROOT = iphoneos;
				SWIFT_ACTIVE_COMPILATION_CONDITIONS = DEBUG;
				SWIFT_OPTIMIZATION_LEVEL = "-Onone";
			};
			name = Debug;
		};
		FC9EAEDF24C97E0400F18464 /* Release */ = {
			isa = XCBuildConfiguration;
			buildSettings = {
				ALWAYS_SEARCH_USER_PATHS = NO;
				CLANG_ANALYZER_NONNULL = YES;
				CLANG_ANALYZER_NUMBER_OBJECT_CONVERSION = YES_AGGRESSIVE;
				CLANG_CXX_LANGUAGE_STANDARD = "gnu++14";
				CLANG_CXX_LIBRARY = "libc++";
				CLANG_ENABLE_MODULES = YES;
				CLANG_ENABLE_OBJC_ARC = YES;
				CLANG_ENABLE_OBJC_WEAK = YES;
				CLANG_WARN_BLOCK_CAPTURE_AUTORELEASING = YES;
				CLANG_WARN_BOOL_CONVERSION = YES;
				CLANG_WARN_COMMA = YES;
				CLANG_WARN_CONSTANT_CONVERSION = YES;
				CLANG_WARN_DEPRECATED_OBJC_IMPLEMENTATIONS = YES;
				CLANG_WARN_DIRECT_OBJC_ISA_USAGE = YES_ERROR;
				CLANG_WARN_DOCUMENTATION_COMMENTS = YES;
				CLANG_WARN_EMPTY_BODY = YES;
				CLANG_WARN_ENUM_CONVERSION = YES;
				CLANG_WARN_INFINITE_RECURSION = YES;
				CLANG_WARN_INT_CONVERSION = YES;
				CLANG_WARN_NON_LITERAL_NULL_CONVERSION = YES;
				CLANG_WARN_OBJC_IMPLICIT_RETAIN_SELF = YES;
				CLANG_WARN_OBJC_LITERAL_CONVERSION = YES;
				CLANG_WARN_OBJC_ROOT_CLASS = YES_ERROR;
				CLANG_WARN_RANGE_LOOP_ANALYSIS = YES;
				CLANG_WARN_STRICT_PROTOTYPES = YES;
				CLANG_WARN_SUSPICIOUS_MOVE = YES;
				CLANG_WARN_UNGUARDED_AVAILABILITY = YES_AGGRESSIVE;
				CLANG_WARN_UNREACHABLE_CODE = YES;
				CLANG_WARN__DUPLICATE_METHOD_MATCH = YES;
				COPY_PHASE_STRIP = NO;
				DEBUG_INFORMATION_FORMAT = "dwarf-with-dsym";
				ENABLE_NS_ASSERTIONS = NO;
				ENABLE_STRICT_OBJC_MSGSEND = YES;
				GCC_C_LANGUAGE_STANDARD = gnu11;
				GCC_NO_COMMON_BLOCKS = YES;
				GCC_WARN_64_TO_32_BIT_CONVERSION = YES;
				GCC_WARN_ABOUT_RETURN_TYPE = YES_ERROR;
				GCC_WARN_UNDECLARED_SELECTOR = YES;
				GCC_WARN_UNINITIALIZED_AUTOS = YES_AGGRESSIVE;
				GCC_WARN_UNUSED_FUNCTION = YES;
				GCC_WARN_UNUSED_VARIABLE = YES;
				IPHONEOS_DEPLOYMENT_TARGET = 13.4;
				MTL_ENABLE_DEBUG_INFO = NO;
				MTL_FAST_MATH = YES;
				SDKROOT = iphoneos;
				SWIFT_COMPILATION_MODE = wholemodule;
				SWIFT_OPTIMIZATION_LEVEL = "-O";
				VALIDATE_PRODUCT = YES;
			};
			name = Release;
		};
		FC9EAEE124C97E0400F18464 /* Debug */ = {
			isa = XCBuildConfiguration;
			baseConfigurationReference = F7B6A890CDF955628D807E34 /* Pods-VirtualTourist.debug.xcconfig */;
			buildSettings = {
				ASSETCATALOG_COMPILER_APPICON_NAME = AppIcon;
				CODE_SIGN_STYLE = Automatic;
				DEVELOPMENT_TEAM = VJFUAMY9DL;
				INFOPLIST_FILE = VirtualTourist/Info.plist;
				IPHONEOS_DEPLOYMENT_TARGET = 13.0;
				LD_RUNPATH_SEARCH_PATHS = (
					"$(inherited)",
					"@executable_path/Frameworks",
				);
				PRODUCT_BUNDLE_IDENTIFIER = com.saraha.VirtualTourist;
				PRODUCT_NAME = "$(TARGET_NAME)";
				SWIFT_VERSION = 5.0;
				TARGETED_DEVICE_FAMILY = "1,2";
			};
			name = Debug;
		};
		FC9EAEE224C97E0400F18464 /* Release */ = {
			isa = XCBuildConfiguration;
			baseConfigurationReference = DBE3B9D364CA7C7509BC92A8 /* Pods-VirtualTourist.release.xcconfig */;
			buildSettings = {
				ASSETCATALOG_COMPILER_APPICON_NAME = AppIcon;
				CODE_SIGN_STYLE = Automatic;
				DEVELOPMENT_TEAM = VJFUAMY9DL;
				INFOPLIST_FILE = VirtualTourist/Info.plist;
				IPHONEOS_DEPLOYMENT_TARGET = 13.0;
				LD_RUNPATH_SEARCH_PATHS = (
					"$(inherited)",
					"@executable_path/Frameworks",
				);
				PRODUCT_BUNDLE_IDENTIFIER = com.saraha.VirtualTourist;
				PRODUCT_NAME = "$(TARGET_NAME)";
				SWIFT_VERSION = 5.0;
				TARGETED_DEVICE_FAMILY = "1,2";
			};
			name = Release;
		};
/* End XCBuildConfiguration section */

/* Begin XCConfigurationList section */
		FC9EAEC424C97E0300F18464 /* Build configuration list for PBXProject "VirtualTourist" */ = {
			isa = XCConfigurationList;
			buildConfigurations = (
				FC9EAEDE24C97E0400F18464 /* Debug */,
				FC9EAEDF24C97E0400F18464 /* Release */,
			);
			defaultConfigurationIsVisible = 0;
			defaultConfigurationName = Release;
		};
		FC9EAEE024C97E0400F18464 /* Build configuration list for PBXNativeTarget "VirtualTourist" */ = {
			isa = XCConfigurationList;
			buildConfigurations = (
				FC9EAEE124C97E0400F18464 /* Debug */,
				FC9EAEE224C97E0400F18464 /* Release */,
			);
			defaultConfigurationIsVisible = 0;
			defaultConfigurationName = Release;
		};
/* End XCConfigurationList section */

/* Begin XCVersionGroup section */
		FC9EAED524C97E0300F18464 /* VirtualTourist.xcdatamodeld */ = {
			isa = XCVersionGroup;
			children = (
				FC9EAED624C97E0300F18464 /* VirtualTourist.xcdatamodel */,
			);
			currentVersion = FC9EAED624C97E0300F18464 /* VirtualTourist.xcdatamodel */;
			path = VirtualTourist.xcdatamodeld;
			sourceTree = "<group>";
			versionGroupType = wrapper.xcdatamodel;
		};
/* End XCVersionGroup section */
	};
	rootObject = FC9EAEC124C97E0300F18464 /* Project object */;
}
